// !$*UTF8*$!
{
	archiveVersion = 1;
	classes = {
	};
	objectVersion = 50;
	objects = {

/* Begin PBXBuildFile section */
		20EA48B226611C8A00769B03 /* AppDelegate.swift in Sources */ = {isa = PBXBuildFile; fileRef = 20EA48B126611C8A00769B03 /* AppDelegate.swift */; };
		20EA48B426611C8A00769B03 /* SceneDelegate.swift in Sources */ = {isa = PBXBuildFile; fileRef = 20EA48B326611C8A00769B03 /* SceneDelegate.swift */; };
		20EA48B626611C8A00769B03 /* TaskViewController.swift in Sources */ = {isa = PBXBuildFile; fileRef = 20EA48B526611C8A00769B03 /* TaskViewController.swift */; };
		20EA48B926611C8A00769B03 /* Main.storyboard in Resources */ = {isa = PBXBuildFile; fileRef = 20EA48B726611C8A00769B03 /* Main.storyboard */; };
		20EA48BB26611C8B00769B03 /* Assets.xcassets in Resources */ = {isa = PBXBuildFile; fileRef = 20EA48BA26611C8B00769B03 /* Assets.xcassets */; };
		20EA48BE26611C8B00769B03 /* LaunchScreen.storyboard in Resources */ = {isa = PBXBuildFile; fileRef = 20EA48BC26611C8B00769B03 /* LaunchScreen.storyboard */; };
		20EA48C726611D9A00769B03 /* Task.swift in Sources */ = {isa = PBXBuildFile; fileRef = 20EA48C626611D9A00769B03 /* Task.swift */; };
		20EA48C9266120FF00769B03 /* ConcreteTask.swift in Sources */ = {isa = PBXBuildFile; fileRef = 20EA48C8266120FF00769B03 /* ConcreteTask.swift */; };
		20EA48CB2661215E00769B03 /* TaskList.swift in Sources */ = {isa = PBXBuildFile; fileRef = 20EA48CA2661215E00769B03 /* TaskList.swift */; };
		20EA48E32661357C00769B03 /* TaskTableViewCell.swift in Sources */ = {isa = PBXBuildFile; fileRef = 20EA48E12661357C00769B03 /* TaskTableViewCell.swift */; };
		20EA48E42661357C00769B03 /* TaskTableViewCell.xib in Resources */ = {isa = PBXBuildFile; fileRef = 20EA48E22661357C00769B03 /* TaskTableViewCell.xib */; };
		20EA48E62661388300769B03 /* MyTasks.swift in Sources */ = {isa = PBXBuildFile; fileRef = 20EA48E52661388300769B03 /* MyTasks.swift */; };
/* End PBXBuildFile section */

/* Begin PBXFileReference section */
		20EA48AE26611C8A00769B03 /* Lesson5_Composite.app */ = {isa = PBXFileReference; explicitFileType = wrapper.application; includeInIndex = 0; path = Lesson5_Composite.app; sourceTree = BUILT_PRODUCTS_DIR; };
		20EA48B126611C8A00769B03 /* AppDelegate.swift */ = {isa = PBXFileReference; lastKnownFileType = sourcecode.swift; path = AppDelegate.swift; sourceTree = "<group>"; };
		20EA48B326611C8A00769B03 /* SceneDelegate.swift */ = {isa = PBXFileReference; lastKnownFileType = sourcecode.swift; path = SceneDelegate.swift; sourceTree = "<group>"; };
		20EA48B526611C8A00769B03 /* TaskViewController.swift */ = {isa = PBXFileReference; lastKnownFileType = sourcecode.swift; path = TaskViewController.swift; sourceTree = "<group>"; };
		20EA48B826611C8A00769B03 /* Base */ = {isa = PBXFileReference; lastKnownFileType = file.storyboard; name = Base; path = Base.lproj/Main.storyboard; sourceTree = "<group>"; };
		20EA48BA26611C8B00769B03 /* Assets.xcassets */ = {isa = PBXFileReference; lastKnownFileType = folder.assetcatalog; path = Assets.xcassets; sourceTree = "<group>"; };
		20EA48BD26611C8B00769B03 /* Base */ = {isa = PBXFileReference; lastKnownFileType = file.storyboard; name = Base; path = Base.lproj/LaunchScreen.storyboard; sourceTree = "<group>"; };
		20EA48BF26611C8B00769B03 /* Info.plist */ = {isa = PBXFileReference; lastKnownFileType = text.plist.xml; path = Info.plist; sourceTree = "<group>"; };
		20EA48C626611D9A00769B03 /* Task.swift */ = {isa = PBXFileReference; lastKnownFileType = sourcecode.swift; path = Task.swift; sourceTree = "<group>"; };
		20EA48C8266120FF00769B03 /* ConcreteTask.swift */ = {isa = PBXFileReference; lastKnownFileType = sourcecode.swift; path = ConcreteTask.swift; sourceTree = "<group>"; };
		20EA48CA2661215E00769B03 /* TaskList.swift */ = {isa = PBXFileReference; lastKnownFileType = sourcecode.swift; path = TaskList.swift; sourceTree = "<group>"; };
		20EA48E12661357C00769B03 /* TaskTableViewCell.swift */ = {isa = PBXFileReference; lastKnownFileType = sourcecode.swift; path = TaskTableViewCell.swift; sourceTree = "<group>"; };
		20EA48E22661357C00769B03 /* TaskTableViewCell.xib */ = {isa = PBXFileReference; lastKnownFileType = file.xib; path = TaskTableViewCell.xib; sourceTree = "<group>"; };
		20EA48E52661388300769B03 /* MyTasks.swift */ = {isa = PBXFileReference; lastKnownFileType = sourcecode.swift; path = MyTasks.swift; sourceTree = "<group>"; };
/* End PBXFileReference section */

/* Begin PBXFrameworksBuildPhase section */
		20EA48AB26611C8A00769B03 /* Frameworks */ = {
			isa = PBXFrameworksBuildPhase;
			buildActionMask = 2147483647;
			files = (
			);
			runOnlyForDeploymentPostprocessing = 0;
		};
/* End PBXFrameworksBuildPhase section */

/* Begin PBXGroup section */
		20EA48A526611C8A00769B03 = {
			isa = PBXGroup;
			children = (
				20EA48B026611C8A00769B03 /* Lesson5_Composite */,
				20EA48AF26611C8A00769B03 /* Products */,
			);
			sourceTree = "<group>";
		};
		20EA48AF26611C8A00769B03 /* Products */ = {
			isa = PBXGroup;
			children = (
				20EA48AE26611C8A00769B03 /* Lesson5_Composite.app */,
			);
			name = Products;
			sourceTree = "<group>";
		};
		20EA48B026611C8A00769B03 /* Lesson5_Composite */ = {
			isa = PBXGroup;
			children = (
				20EA48E02661354F00769B03 /* Cells */,
				20EA48CC2661231E00769B03 /* ViewControllers */,
				20EA48C526611D7B00769B03 /* Model */,
				20EA48B126611C8A00769B03 /* AppDelegate.swift */,
				20EA48B326611C8A00769B03 /* SceneDelegate.swift */,
				20EA48B726611C8A00769B03 /* Main.storyboard */,
				20EA48BA26611C8B00769B03 /* Assets.xcassets */,
				20EA48BC26611C8B00769B03 /* LaunchScreen.storyboard */,
				20EA48BF26611C8B00769B03 /* Info.plist */,
				20EA48E52661388300769B03 /* MyTasks.swift */,
			);
			path = Lesson5_Composite;
			sourceTree = "<group>";
		};
		20EA48C526611D7B00769B03 /* Model */ = {
			isa = PBXGroup;
			children = (
				20EA48C626611D9A00769B03 /* Task.swift */,
				20EA48C8266120FF00769B03 /* ConcreteTask.swift */,
				20EA48CA2661215E00769B03 /* TaskList.swift */,
			);
			path = Model;
			sourceTree = "<group>";
		};
		20EA48CC2661231E00769B03 /* ViewControllers */ = {
			isa = PBXGroup;
			children = (
				20EA48B526611C8A00769B03 /* TaskViewController.swift */,
			);
			path = ViewControllers;
			sourceTree = "<group>";
		};
		20EA48E02661354F00769B03 /* Cells */ = {
			isa = PBXGroup;
			children = (
				20EA48E12661357C00769B03 /* TaskTableViewCell.swift */,
				20EA48E22661357C00769B03 /* TaskTableViewCell.xib */,
			);
			path = Cells;
			sourceTree = "<group>";
		};
/* End PBXGroup section */

/* Begin PBXNativeTarget section */
		20EA48AD26611C8A00769B03 /* Lesson5_Composite */ = {
			isa = PBXNativeTarget;
			buildConfigurationList = 20EA48C226611C8B00769B03 /* Build configuration list for PBXNativeTarget "Lesson5_Composite" */;
			buildPhases = (
				20EA48AA26611C8A00769B03 /* Sources */,
				20EA48AB26611C8A00769B03 /* Frameworks */,
				20EA48AC26611C8A00769B03 /* Resources */,
			);
			buildRules = (
			);
			dependencies = (
			);
			name = Lesson5_Composite;
			productName = Lesson5_Composite;
			productReference = 20EA48AE26611C8A00769B03 /* Lesson5_Composite.app */;
			productType = "com.apple.product-type.application";
		};
/* End PBXNativeTarget section */

/* Begin PBXProject section */
		20EA48A626611C8A00769B03 /* Project object */ = {
			isa = PBXProject;
			attributes = {
				LastSwiftUpdateCheck = 1250;
				LastUpgradeCheck = 1250;
				TargetAttributes = {
					20EA48AD26611C8A00769B03 = {
						CreatedOnToolsVersion = 12.5;
					};
				};
			};
			buildConfigurationList = 20EA48A926611C8A00769B03 /* Build configuration list for PBXProject "Lesson5_Composite" */;
			compatibilityVersion = "Xcode 9.3";
			developmentRegion = en;
			hasScannedForEncodings = 0;
			knownRegions = (
				en,
				Base,
			);
			mainGroup = 20EA48A526611C8A00769B03;
			productRefGroup = 20EA48AF26611C8A00769B03 /* Products */;
			projectDirPath = "";
			projectRoot = "";
			targets = (
				20EA48AD26611C8A00769B03 /* Lesson5_Composite */,
			);
		};
/* End PBXProject section */

/* Begin PBXResourcesBuildPhase section */
		20EA48AC26611C8A00769B03 /* Resources */ = {
			isa = PBXResourcesBuildPhase;
			buildActionMask = 2147483647;
			files = (
				20EA48E42661357C00769B03 /* TaskTableViewCell.xib in Resources */,
				20EA48BE26611C8B00769B03 /* LaunchScreen.storyboard in Resources */,
				20EA48BB26611C8B00769B03 /* Assets.xcassets in Resources */,
				20EA48B926611C8A00769B03 /* Main.storyboard in Resources */,
			);
			runOnlyForDeploymentPostprocessing = 0;
		};
/* End PBXResourcesBuildPhase section */

/* Begin PBXSourcesBuildPhase section */
		20EA48AA26611C8A00769B03 /* Sources */ = {
			isa = PBXSourcesBuildPhase;
			buildActionMask = 2147483647;
			files = (
				20EA48E32661357C00769B03 /* TaskTableViewCell.swift in Sources */,
				20EA48C726611D9A00769B03 /* Task.swift in Sources */,
				20EA48B626611C8A00769B03 /* TaskViewController.swift in Sources */,
				20EA48CB2661215E00769B03 /* TaskList.swift in Sources */,
				20EA48E62661388300769B03 /* MyTasks.swift in Sources */,
				20EA48B226611C8A00769B03 /* AppDelegate.swift in Sources */,
				20EA48B426611C8A00769B03 /* SceneDelegate.swift in Sources */,
				20EA48C9266120FF00769B03 /* ConcreteTask.swift in Sources */,
			);
			runOnlyForDeploymentPostprocessing = 0;
		};
/* End PBXSourcesBuildPhase section */

/* Begin PBXVariantGroup section */
		20EA48B726611C8A00769B03 /* Main.storyboard */ = {
			isa = PBXVariantGroup;
			children = (
				20EA48B826611C8A00769B03 /* Base */,
			);
			name = Main.storyboard;
			sourceTree = "<group>";
		};
		20EA48BC26611C8B00769B03 /* LaunchScreen.storyboard */ = {
			isa = PBXVariantGroup;
			children = (
				20EA48BD26611C8B00769B03 /* Base */,
			);
			name = LaunchScreen.storyboard;
			sourceTree = "<group>";
		};
/* End PBXVariantGroup section */

/* Begin XCBuildConfiguration section */
		20EA48C026611C8B00769B03 /* Debug */ = {
			isa = XCBuildConfiguration;
			buildSettings = {
				ALWAYS_SEARCH_USER_PATHS = NO;
				CLANG_ANALYZER_NONNULL = YES;
				CLANG_ANALYZER_NUMBER_OBJECT_CONVERSION = YES_AGGRESSIVE;
				CLANG_CXX_LANGUAGE_STANDARD = "gnu++14";
				CLANG_CXX_LIBRARY = "libc++";
				CLANG_ENABLE_MODULES = YES;
				CLANG_ENABLE_OBJC_ARC = YES;
				CLANG_ENABLE_OBJC_WEAK = YES;
				CLANG_WARN_BLOCK_CAPTURE_AUTORELEASING = YES;
				CLANG_WARN_BOOL_CONVERSION = YES;
				CLANG_WARN_COMMA = YES;
				CLANG_WARN_CONSTANT_CONVERSION = YES;
				CLANG_WARN_DEPRECATED_OBJC_IMPLEMENTATIONS = YES;
				CLANG_WARN_DIRECT_OBJC_ISA_USAGE = YES_ERROR;
				CLANG_WARN_DOCUMENTATION_COMMENTS = YES;
				CLANG_WARN_EMPTY_BODY = YES;
				CLANG_WARN_ENUM_CONVERSION = YES;
				CLANG_WARN_INFINITE_RECURSION = YES;
				CLANG_WARN_INT_CONVERSION = YES;
				CLANG_WARN_NON_LITERAL_NULL_CONVERSION = YES;
				CLANG_WARN_OBJC_IMPLICIT_RETAIN_SELF = YES;
				CLANG_WARN_OBJC_LITERAL_CONVERSION = YES;
				CLANG_WARN_OBJC_ROOT_CLASS = YES_ERROR;
				CLANG_WARN_QUOTED_INCLUDE_IN_FRAMEWORK_HEADER = YES;
				CLANG_WARN_RANGE_LOOP_ANALYSIS = YES;
				CLANG_WARN_STRICT_PROTOTYPES = YES;
				CLANG_WARN_SUSPICIOUS_MOVE = YES;
				CLANG_WARN_UNGUARDED_AVAILABILITY = YES_AGGRESSIVE;
				CLANG_WARN_UNREACHABLE_CODE = YES;
				CLANG_WARN__DUPLICATE_METHOD_MATCH = YES;
				COPY_PHASE_STRIP = NO;
				DEBUG_INFORMATION_FORMAT = dwarf;
				ENABLE_STRICT_OBJC_MSGSEND = YES;
				ENABLE_TESTABILITY = YES;
				GCC_C_LANGUAGE_STANDARD = gnu11;
				GCC_DYNAMIC_NO_PIC = NO;
				GCC_NO_COMMON_BLOCKS = YES;
				GCC_OPTIMIZATION_LEVEL = 0;
				GCC_PREPROCESSOR_DEFINITIONS = (
					"DEBUG=1",
					"$(inherited)",
				);
				GCC_WARN_64_TO_32_BIT_CONVERSION = YES;
				GCC_WARN_ABOUT_RETURN_TYPE = YES_ERROR;
				GCC_WARN_UNDECLARED_SELECTOR = YES;
				GCC_WARN_UNINITIALIZED_AUTOS = YES_AGGRESSIVE;
				GCC_WARN_UNUSED_FUNCTION = YES;
				GCC_WARN_UNUSED_VARIABLE = YES;
				IPHONEOS_DEPLOYMENT_TARGET = 14.5;
				MTL_ENABLE_DEBUG_INFO = INCLUDE_SOURCE;
				MTL_FAST_MATH = YES;
				ONLY_ACTIVE_ARCH = YES;
				SDKROOT = iphoneos;
				SWIFT_ACTIVE_COMPILATION_CONDITIONS = DEBUG;
				SWIFT_OPTIMIZATION_LEVEL = "-Onone";
			};
			name = Debug;
		};
		20EA48C126611C8B00769B03 /* Release */ = {
			isa = XCBuildConfiguration;
			buildSettings = {
				ALWAYS_SEARCH_USER_PATHS = NO;
				CLANG_ANALYZER_NONNULL = YES;
				CLANG_ANALYZER_NUMBER_OBJECT_CONVERSION = YES_AGGRESSIVE;
				CLANG_CXX_LANGUAGE_STANDARD = "gnu++14";
				CLANG_CXX_LIBRARY = "libc++";
				CLANG_ENABLE_MODULES = YES;
				CLANG_ENABLE_OBJC_ARC = YES;
				CLANG_ENABLE_OBJC_WEAK = YES;
				CLANG_WARN_BLOCK_CAPTURE_AUTORELEASING = YES;
				CLANG_WARN_BOOL_CONVERSION = YES;
				CLANG_WARN_COMMA = YES;
				CLANG_WARN_CONSTANT_CONVERSION = YES;
				CLANG_WARN_DEPRECATED_OBJC_IMPLEMENTATIONS = YES;
				CLANG_WARN_DIRECT_OBJC_ISA_USAGE = YES_ERROR;
				CLANG_WARN_DOCUMENTATION_COMMENTS = YES;
				CLANG_WARN_EMPTY_BODY = YES;
				CLANG_WARN_ENUM_CONVERSION = YES;
				CLANG_WARN_INFINITE_RECURSION = YES;
				CLANG_WARN_INT_CONVERSION = YES;
				CLANG_WARN_NON_LITERAL_NULL_CONVERSION = YES;
				CLANG_WARN_OBJC_IMPLICIT_RETAIN_SELF = YES;
				CLANG_WARN_OBJC_LITERAL_CONVERSION = YES;
				CLANG_WARN_OBJC_ROOT_CLASS = YES_ERROR;
				CLANG_WARN_QUOTED_INCLUDE_IN_FRAMEWORK_HEADER = YES;
				CLANG_WARN_RANGE_LOOP_ANALYSIS = YES;
				CLANG_WARN_STRICT_PROTOTYPES = YES;
				CLANG_WARN_SUSPICIOUS_MOVE = YES;
				CLANG_WARN_UNGUARDED_AVAILABILITY = YES_AGGRESSIVE;
				CLANG_WARN_UNREACHABLE_CODE = YES;
				CLANG_WARN__DUPLICATE_METHOD_MATCH = YES;
				COPY_PHASE_STRIP = NO;
				DEBUG_INFORMATION_FORMAT = "dwarf-with-dsym";
				ENABLE_NS_ASSERTIONS = NO;
				ENABLE_STRICT_OBJC_MSGSEND = YES;
				GCC_C_LANGUAGE_STANDARD = gnu11;
				GCC_NO_COMMON_BLOCKS = YES;
				GCC_WARN_64_TO_32_BIT_CONVERSION = YES;
				GCC_WARN_ABOUT_RETURN_TYPE = YES_ERROR;
				GCC_WARN_UNDECLARED_SELECTOR = YES;
				GCC_WARN_UNINITIALIZED_AUTOS = YES_AGGRESSIVE;
				GCC_WARN_UNUSED_FUNCTION = YES;
				GCC_WARN_UNUSED_VARIABLE = YES;
				IPHONEOS_DEPLOYMENT_TARGET = 14.5;
				MTL_ENABLE_DEBUG_INFO = NO;
				MTL_FAST_MATH = YES;
				SDKROOT = iphoneos;
				SWIFT_COMPILATION_MODE = wholemodule;
				SWIFT_OPTIMIZATION_LEVEL = "-O";
				VALIDATE_PRODUCT = YES;
			};
			name = Release;
		};
		20EA48C326611C8B00769B03 /* Debug */ = {
			isa = XCBuildConfiguration;
			buildSettings = {
				ASSETCATALOG_COMPILER_APPICON_NAME = AppIcon;
				ASSETCATALOG_COMPILER_GLOBAL_ACCENT_COLOR_NAME = AccentColor;
				CODE_SIGN_STYLE = Automatic;
				DEVELOPMENT_TEAM = ZMX77LFT7B;
				INFOPLIST_FILE = Lesson5_Composite/Info.plist;
				LD_RUNPATH_SEARCH_PATHS = (
					"$(inherited)",
					"@executable_path/Frameworks",
				);
				PRODUCT_BUNDLE_IDENTIFIER = "my.app.Lesson5-Composite";
				PRODUCT_NAME = "$(TARGET_NAME)";
				SWIFT_VERSION = 5.0;
				TARGETED_DEVICE_FAMILY = "1,2";
			};
			name = Debug;
		};
		20EA48C426611C8B00769B03 /* Release */ = {
			isa = XCBuildConfiguration;
			buildSettings = {
				ASSETCATALOG_COMPILER_APPICON_NAME = AppIcon;
				ASSETCATALOG_COMPILER_GLOBAL_ACCENT_COLOR_NAME = AccentColor;
				CODE_SIGN_STYLE = Automatic;
				DEVELOPMENT_TEAM = ZMX77LFT7B;
				INFOPLIST_FILE = Lesson5_Composite/Info.plist;
				LD_RUNPATH_SEARCH_PATHS = (
					"$(inherited)",
					"@executable_path/Frameworks",
				);
				PRODUCT_BUNDLE_IDENTIFIER = "my.app.Lesson5-Composite";
				PRODUCT_NAME = "$(TARGET_NAME)";
				SWIFT_VERSION = 5.0;
				TARGETED_DEVICE_FAMILY = "1,2";
			};
			name = Release;
		};
/* End XCBuildConfiguration section */

/* Begin XCConfigurationList section */
		20EA48A926611C8A00769B03 /* Build configuration list for PBXProject "Lesson5_Composite" */ = {
			isa = XCConfigurationList;
			buildConfigurations = (
				20EA48C026611C8B00769B03 /* Debug */,
				20EA48C126611C8B00769B03 /* Release */,
			);
			defaultConfigurationIsVisible = 0;
			defaultConfigurationName = Release;
		};
		20EA48C226611C8B00769B03 /* Build configuration list for PBXNativeTarget "Lesson5_Composite" */ = {
			isa = XCConfigurationList;
			buildConfigurations = (
				20EA48C326611C8B00769B03 /* Debug */,
				20EA48C426611C8B00769B03 /* Release */,
			);
			defaultConfigurationIsVisible = 0;
			defaultConfigurationName = Release;
		};
/* End XCConfigurationList section */
	};
	rootObject = 20EA48A626611C8A00769B03 /* Project object */;
}
